
Microsoft Visual Studio Solution File, Format Version 12.00
# Visual Studio Version 16
VisualStudioVersion = 16.0.32002.261
MinimumVisualStudioVersion = 10.0.40219.1
Project("{FAE04EC0-301F-11D3-BF4B-00C04F79EFBC}") = "Infrastructure", "Infrastructure\Infrastructure.csproj", "{8D23329E-949C-4D4D-856E-CD39F7483FA9}"
EndProject
Global
	GlobalSection(SolutionConfigurationPlatforms) = preSolution
		Debug|Any CPU = Debug|Any CPU
		Release|Any CPU = Release|Any CPU
	EndGlobalSection
	GlobalSection(ProjectConfigurationPlatforms) = postSolution
		{8D23329E-949C-4D4D-856E-CD39F7483FA9}.Debug|Any CPU.ActiveCfg = Debug|Any CPU
		{8D23329E-949C-4D4D-856E-CD39F7483FA9}.Debug|Any CPU.Build.0 = Debug|Any CPU
		{8D23329E-949C-4D4D-856E-CD39F7483FA9}.Release|Any CPU.ActiveCfg = Release|Any CPU
		{8D23329E-949C-4D4D-856E-CD39F7483FA9}.Release|Any CPU.Build.0 = Release|Any CPU
	EndGlobalSection
	GlobalSection(SolutionProperties) = preSolution
		HideSolutionNode = FALSE
	EndGlobalSection
	GlobalSection(ExtensibilityGlobals) = postSolution
		SolutionGuid = {5042806D-13BF-440B-8360-FC08158A40C1}
	EndGlobalSection
EndGlobal
